
Microsoft Visual Studio Solution File, Format Version 12.00
# Visual Studio Version 16
VisualStudioVersion = 16.0.30128.74
MinimumVisualStudioVersion = 10.0.40219.1
Project("{FAE04EC0-301F-11D3-BF4B-00C04F79EFBC}") = "organikBahce.WebUI", "organikBahce.WebUI\organikBahce.WebUI.csproj", "{15DCC660-0829-4737-B7AA-524E70376B8D}"
EndProject
Project("{FAE04EC0-301F-11D3-BF4B-00C04F79EFBC}") = "organikBahce.Core", "organikBahce.Core\organikBahce.Core.csproj", "{A147F399-A387-4A25-8E6E-6BDBC24E3745}"
EndProject
Project("{FAE04EC0-301F-11D3-BF4B-00C04F79EFBC}") = "organikBahce.DataAccess", "organikBahce.DataAccess\organikBahce.DataAccess.csproj", "{B5D0EEDA-0AC1-4539-9265-8EF8FA1CD2A7}"
EndProject
Project("{FAE04EC0-301F-11D3-BF4B-00C04F79EFBC}") = "organikBahce.Entities", "organikBahce.Entities\organikBahce.Entities.csproj", "{A7F57626-20E5-46D9-8647-D9855DAA36F5}"
EndProject
Project("{FAE04EC0-301F-11D3-BF4B-00C04F79EFBC}") = "organikBahce.Business", "organikBahce.Business\organikBahce.Business.csproj", "{8774ABF9-2FF2-49CF-9106-BD83043B107E}"
EndProject
Global
	GlobalSection(SolutionConfigurationPlatforms) = preSolution
		Debug|Any CPU = Debug|Any CPU
		Release|Any CPU = Release|Any CPU
	EndGlobalSection
	GlobalSection(ProjectConfigurationPlatforms) = postSolution
		{15DCC660-0829-4737-B7AA-524E70376B8D}.Debug|Any CPU.ActiveCfg = Debug|Any CPU
		{15DCC660-0829-4737-B7AA-524E70376B8D}.Debug|Any CPU.Build.0 = Debug|Any CPU
		{15DCC660-0829-4737-B7AA-524E70376B8D}.Release|Any CPU.ActiveCfg = Release|Any CPU
		{15DCC660-0829-4737-B7AA-524E70376B8D}.Release|Any CPU.Build.0 = Release|Any CPU
		{A147F399-A387-4A25-8E6E-6BDBC24E3745}.Debug|Any CPU.ActiveCfg = Debug|Any CPU
		{A147F399-A387-4A25-8E6E-6BDBC24E3745}.Debug|Any CPU.Build.0 = Debug|Any CPU
		{A147F399-A387-4A25-8E6E-6BDBC24E3745}.Release|Any CPU.ActiveCfg = Release|Any CPU
		{A147F399-A387-4A25-8E6E-6BDBC24E3745}.Release|Any CPU.Build.0 = Release|Any CPU
		{B5D0EEDA-0AC1-4539-9265-8EF8FA1CD2A7}.Debug|Any CPU.ActiveCfg = Debug|Any CPU
		{B5D0EEDA-0AC1-4539-9265-8EF8FA1CD2A7}.Debug|Any CPU.Build.0 = Debug|Any CPU
		{B5D0EEDA-0AC1-4539-9265-8EF8FA1CD2A7}.Release|Any CPU.ActiveCfg = Release|Any CPU
		{B5D0EEDA-0AC1-4539-9265-8EF8FA1CD2A7}.Release|Any CPU.Build.0 = Release|Any CPU
		{A7F57626-20E5-46D9-8647-D9855DAA36F5}.Debug|Any CPU.ActiveCfg = Debug|Any CPU
		{A7F57626-20E5-46D9-8647-D9855DAA36F5}.Debug|Any CPU.Build.0 = Debug|Any CPU
		{A7F57626-20E5-46D9-8647-D9855DAA36F5}.Release|Any CPU.ActiveCfg = Release|Any CPU
		{A7F57626-20E5-46D9-8647-D9855DAA36F5}.Release|Any CPU.Build.0 = Release|Any CPU
		{8774ABF9-2FF2-49CF-9106-BD83043B107E}.Debug|Any CPU.ActiveCfg = Debug|Any CPU
		{8774ABF9-2FF2-49CF-9106-BD83043B107E}.Debug|Any CPU.Build.0 = Debug|Any CPU
		{8774ABF9-2FF2-49CF-9106-BD83043B107E}.Release|Any CPU.ActiveCfg = Release|Any CPU
		{8774ABF9-2FF2-49CF-9106-BD83043B107E}.Release|Any CPU.Build.0 = Release|Any CPU
	EndGlobalSection
	GlobalSection(SolutionProperties) = preSolution
		HideSolutionNode = FALSE
	EndGlobalSection
	GlobalSection(ExtensibilityGlobals) = postSolution
		SolutionGuid = {0F88F2C8-EF5C-47D9-9E51-ECB3DFF34E29}
	EndGlobalSection
EndGlobal
